
Microsoft Visual Studio Solution File, Format Version 12.00
# Visual Studio Version 17
VisualStudioVersion = 17.9.34728.123
MinimumVisualStudioVersion = 10.0.40219.1
Project("{9A19103F-16F7-4668-BE54-9A1E7A4F7556}") = "app", "app\app.csproj", "{8DD607F0-8DC8-48BA-ADB8-FE66BA281589}"
EndProject
Project("{9A19103F-16F7-4668-BE54-9A1E7A4F7556}") = "lib", "lib\lib.csproj", "{CCAF4A09-78DD-4829-9EB5-86275DC2F43B}"
EndProject
Project("{FAE04EC0-301F-11D3-BF4B-00C04F79EFBC}") = "test", "test\test.csproj", "{84A43909-63E9-4D7E-944F-D2C0BB473E9B}"
EndProject
Global
	GlobalSection(SolutionConfigurationPlatforms) = preSolution
		Debug|Any CPU = Debug|Any CPU
		Release|Any CPU = Release|Any CPU
	EndGlobalSection
	GlobalSection(ProjectConfigurationPlatforms) = postSolution
		{8DD607F0-8DC8-48BA-ADB8-FE66BA281589}.Debug|Any CPU.ActiveCfg = Debug|Any CPU
		{8DD607F0-8DC8-48BA-ADB8-FE66BA281589}.Debug|Any CPU.Build.0 = Debug|Any CPU
		{8DD607F0-8DC8-48BA-ADB8-FE66BA281589}.Release|Any CPU.ActiveCfg = Release|Any CPU
		{8DD607F0-8DC8-48BA-ADB8-FE66BA281589}.Release|Any CPU.Build.0 = Release|Any CPU
		{CCAF4A09-78DD-4829-9EB5-86275DC2F43B}.Debug|Any CPU.ActiveCfg = Debug|Any CPU
		{CCAF4A09-78DD-4829-9EB5-86275DC2F43B}.Debug|Any CPU.Build.0 = Debug|Any CPU
		{CCAF4A09-78DD-4829-9EB5-86275DC2F43B}.Release|Any CPU.ActiveCfg = Release|Any CPU
		{CCAF4A09-78DD-4829-9EB5-86275DC2F43B}.Release|Any CPU.Build.0 = Release|Any CPU
		{84A43909-63E9-4D7E-944F-D2C0BB473E9B}.Debug|Any CPU.ActiveCfg = Debug|Any CPU
		{84A43909-63E9-4D7E-944F-D2C0BB473E9B}.Debug|Any CPU.Build.0 = Debug|Any CPU
		{84A43909-63E9-4D7E-944F-D2C0BB473E9B}.Release|Any CPU.ActiveCfg = Release|Any CPU
		{84A43909-63E9-4D7E-944F-D2C0BB473E9B}.Release|Any CPU.Build.0 = Release|Any CPU
	EndGlobalSection
	GlobalSection(SolutionProperties) = preSolution
		HideSolutionNode = FALSE
	EndGlobalSection
	GlobalSection(ExtensibilityGlobals) = postSolution
		SolutionGuid = {3224DC7C-1EFD-40F5-8DB3-E8DCD265FE2E}
	EndGlobalSection
EndGlobal
